// !$*UTF8*$!
{
	archiveVersion = 1;
	classes = {
	};
	objectVersion = 46;
	objects = {

/* Begin PBXBuildFile section */
		9428566D2088870300342E68 /* HttpConnection.m in Sources */ = {isa = PBXBuildFile; fileRef = 942856692088870200342E68 /* HttpConnection.m */; };
		942856872088874D00342E68 /* LaunchViewController.m in Sources */ = {isa = PBXBuildFile; fileRef = 942856702088874D00342E68 /* LaunchViewController.m */; };
		942856882088874D00342E68 /* DetailViewController.m in Sources */ = {isa = PBXBuildFile; fileRef = 942856712088874D00342E68 /* DetailViewController.m */; };
		942856892088874D00342E68 /* AttractionsTableViewController.m in Sources */ = {isa = PBXBuildFile; fileRef = 942856722088874D00342E68 /* AttractionsTableViewController.m */; };
		9428568A2088874D00342E68 /* Attraction.m in Sources */ = {isa = PBXBuildFile; fileRef = 942856772088874D00342E68 /* Attraction.m */; };
		9428568B2088874D00342E68 /* MyCollectionCell.m in Sources */ = {isa = PBXBuildFile; fileRef = 942856792088874D00342E68 /* MyCollectionCell.m */; };
		9428568C2088874D00342E68 /* MyCell.xib in Resources */ = {isa = PBXBuildFile; fileRef = 9428567A2088874D00342E68 /* MyCell.xib */; };
		9428568D2088874D00342E68 /* LaunchScreen.storyboard in Resources */ = {isa = PBXBuildFile; fileRef = 9428567C2088874D00342E68 /* LaunchScreen.storyboard */; };
		9428568E2088874D00342E68 /* Main.storyboard in Resources */ = {isa = PBXBuildFile; fileRef = 9428567E2088874D00342E68 /* Main.storyboard */; };
		9428568F2088874D00342E68 /* MyCell.m in Sources */ = {isa = PBXBuildFile; fileRef = 942856812088874D00342E68 /* MyCell.m */; };
		942856902088874D00342E68 /* AppInfoManager.m in Sources */ = {isa = PBXBuildFile; fileRef = 942856852088874D00342E68 /* AppInfoManager.m */; };
		942856912088874D00342E68 /* UpdateManager.m in Sources */ = {isa = PBXBuildFile; fileRef = 942856862088874D00342E68 /* UpdateManager.m */; };
		947BA4401F2C272D00570F2F /* DBHelp.m in Sources */ = {isa = PBXBuildFile; fileRef = 947BA43F1F2C272D00570F2F /* DBHelp.m */; };
		947BA4421F2C27D000570F2F /* libsqlite3.0.tbd in Frameworks */ = {isa = PBXBuildFile; fileRef = 947BA4411F2C27D000570F2F /* libsqlite3.0.tbd */; };
		94808D5D1F2A017300AF1F91 /* main.m in Sources */ = {isa = PBXBuildFile; fileRef = 94808D5C1F2A017300AF1F91 /* main.m */; };
		94808D601F2A017300AF1F91 /* AppDelegate.m in Sources */ = {isa = PBXBuildFile; fileRef = 94808D5F1F2A017300AF1F91 /* AppDelegate.m */; };
		94808D681F2A017300AF1F91 /* Assets.xcassets in Resources */ = {isa = PBXBuildFile; fileRef = 94808D671F2A017300AF1F91 /* Assets.xcassets */; };
		94808D761F2A017400AF1F91 /* TaipeiParkTests.m in Sources */ = {isa = PBXBuildFile; fileRef = 94808D751F2A017400AF1F91 /* TaipeiParkTests.m */; };
		94F59566208A546500A7FF1D /* UIViewController+BaseVC.m in Sources */ = {isa = PBXBuildFile; fileRef = 94F59565208A546500A7FF1D /* UIViewController+BaseVC.m */; };
		94F5956A208A547100A7FF1D /* ParkService.m in Sources */ = {isa = PBXBuildFile; fileRef = 94F59568208A547100A7FF1D /* ParkService.m */; };
		B47FFADB5269094359220D90 /* libPods-TaipeiParkTests.a in Frameworks */ = {isa = PBXBuildFile; fileRef = 9BED85B02C920465F2A9B942 /* libPods-TaipeiParkTests.a */; };
		E4659A84D005DEAF189FE226 /* libPods-TaipeiPark.a in Frameworks */ = {isa = PBXBuildFile; fileRef = FE7680B838EF1CF4D2DCE76B /* libPods-TaipeiPark.a */; };
/* End PBXBuildFile section */

/* Begin PBXContainerItemProxy section */
		94808D721F2A017400AF1F91 /* PBXContainerItemProxy */ = {
			isa = PBXContainerItemProxy;
			containerPortal = 94808D501F2A017300AF1F91 /* Project object */;
			proxyType = 1;
			remoteGlobalIDString = 94808D571F2A017300AF1F91;
			remoteInfo = TaipeiPark;
		};
/* End PBXContainerItemProxy section */

/* Begin PBXFileReference section */
		1B52AA5354924AC3DDC15DEB /* Pods-TaipeiParkTests.debug.xcconfig */ = {isa = PBXFileReference; includeInIndex = 1; lastKnownFileType = text.xcconfig; name = "Pods-TaipeiParkTests.debug.xcconfig"; path = "Pods/Target Support Files/Pods-TaipeiParkTests/Pods-TaipeiParkTests.debug.xcconfig"; sourceTree = "<group>"; };
		3D2FE807C2D79782F1BC10E5 /* Pods-TaipeiParkTests.release.xcconfig */ = {isa = PBXFileReference; includeInIndex = 1; lastKnownFileType = text.xcconfig; name = "Pods-TaipeiParkTests.release.xcconfig"; path = "Pods/Target Support Files/Pods-TaipeiParkTests/Pods-TaipeiParkTests.release.xcconfig"; sourceTree = "<group>"; };
		4D3EEC7FFBE67CDF6596133A /* Pods-TaipeiPark.debug.xcconfig */ = {isa = PBXFileReference; includeInIndex = 1; lastKnownFileType = text.xcconfig; name = "Pods-TaipeiPark.debug.xcconfig"; path = "Pods/Target Support Files/Pods-TaipeiPark/Pods-TaipeiPark.debug.xcconfig"; sourceTree = "<group>"; };
		6DA56B8D11ED93DEE5A552C1 /* Pods-TaipeiPark.release.xcconfig */ = {isa = PBXFileReference; includeInIndex = 1; lastKnownFileType = text.xcconfig; name = "Pods-TaipeiPark.release.xcconfig"; path = "Pods/Target Support Files/Pods-TaipeiPark/Pods-TaipeiPark.release.xcconfig"; sourceTree = "<group>"; };
		942856692088870200342E68 /* HttpConnection.m */ = {isa = PBXFileReference; fileEncoding = 4; lastKnownFileType = sourcecode.c.objc; path = HttpConnection.m; sourceTree = "<group>"; };
		9428566A2088870300342E68 /* HttpConnection.h */ = {isa = PBXFileReference; fileEncoding = 4; lastKnownFileType = sourcecode.c.h; path = HttpConnection.h; sourceTree = "<group>"; };
		9428566F2088874D00342E68 /* AttractionsTableViewController.h */ = {isa = PBXFileReference; fileEncoding = 4; lastKnownFileType = sourcecode.c.h; path = AttractionsTableViewController.h; sourceTree = "<group>"; };
		942856702088874D00342E68 /* LaunchViewController.m */ = {isa = PBXFileReference; fileEncoding = 4; lastKnownFileType = sourcecode.c.objc; path = LaunchViewController.m; sourceTree = "<group>"; };
		942856712088874D00342E68 /* DetailViewController.m */ = {isa = PBXFileReference; fileEncoding = 4; lastKnownFileType = sourcecode.c.objc; path = DetailViewController.m; sourceTree = "<group>"; };
		942856722088874D00342E68 /* AttractionsTableViewController.m */ = {isa = PBXFileReference; fileEncoding = 4; lastKnownFileType = sourcecode.c.objc; path = AttractionsTableViewController.m; sourceTree = "<group>"; };
		942856732088874D00342E68 /* LaunchViewController.h */ = {isa = PBXFileReference; fileEncoding = 4; lastKnownFileType = sourcecode.c.h; path = LaunchViewController.h; sourceTree = "<group>"; };
		942856742088874D00342E68 /* DetailViewController.h */ = {isa = PBXFileReference; fileEncoding = 4; lastKnownFileType = sourcecode.c.h; path = DetailViewController.h; sourceTree = "<group>"; };
		942856762088874D00342E68 /* Attraction.h */ = {isa = PBXFileReference; fileEncoding = 4; lastKnownFileType = sourcecode.c.h; path = Attraction.h; sourceTree = "<group>"; };
		942856772088874D00342E68 /* Attraction.m */ = {isa = PBXFileReference; fileEncoding = 4; lastKnownFileType = sourcecode.c.objc; path = Attraction.m; sourceTree = "<group>"; };
		942856792088874D00342E68 /* MyCollectionCell.m */ = {isa = PBXFileReference; fileEncoding = 4; lastKnownFileType = sourcecode.c.objc; path = MyCollectionCell.m; sourceTree = "<group>"; };
		9428567A2088874D00342E68 /* MyCell.xib */ = {isa = PBXFileReference; fileEncoding = 4; lastKnownFileType = file.xib; path = MyCell.xib; sourceTree = "<group>"; };
		9428567B2088874D00342E68 /* MyCell.h */ = {isa = PBXFileReference; fileEncoding = 4; lastKnownFileType = sourcecode.c.h; path = MyCell.h; sourceTree = "<group>"; };
		9428567D2088874D00342E68 /* Base */ = {isa = PBXFileReference; lastKnownFileType = file.storyboard; name = Base; path = Base.lproj/LaunchScreen.storyboard; sourceTree = "<group>"; };
		9428567F2088874D00342E68 /* Base */ = {isa = PBXFileReference; lastKnownFileType = file.storyboard; name = Base; path = Base.lproj/Main.storyboard; sourceTree = "<group>"; };
		942856802088874D00342E68 /* MyCollectionCell.h */ = {isa = PBXFileReference; fileEncoding = 4; lastKnownFileType = sourcecode.c.h; path = MyCollectionCell.h; sourceTree = "<group>"; };
		942856812088874D00342E68 /* MyCell.m */ = {isa = PBXFileReference; fileEncoding = 4; lastKnownFileType = sourcecode.c.objc; path = MyCell.m; sourceTree = "<group>"; };
		942856832088874D00342E68 /* AppInfoManager.h */ = {isa = PBXFileReference; fileEncoding = 4; lastKnownFileType = sourcecode.c.h; path = AppInfoManager.h; sourceTree = "<group>"; };
		942856842088874D00342E68 /* UpdateManager.h */ = {isa = PBXFileReference; fileEncoding = 4; lastKnownFileType = sourcecode.c.h; path = UpdateManager.h; sourceTree = "<group>"; };
		942856852088874D00342E68 /* AppInfoManager.m */ = {isa = PBXFileReference; fileEncoding = 4; lastKnownFileType = sourcecode.c.objc; path = AppInfoManager.m; sourceTree = "<group>"; };
		942856862088874D00342E68 /* UpdateManager.m */ = {isa = PBXFileReference; fileEncoding = 4; lastKnownFileType = sourcecode.c.objc; path = UpdateManager.m; sourceTree = "<group>"; };
		947BA43E1F2C272D00570F2F /* DBHelp.h */ = {isa = PBXFileReference; fileEncoding = 4; lastKnownFileType = sourcecode.c.h; path = DBHelp.h; sourceTree = "<group>"; };
		947BA43F1F2C272D00570F2F /* DBHelp.m */ = {isa = PBXFileReference; fileEncoding = 4; lastKnownFileType = sourcecode.c.objc; path = DBHelp.m; sourceTree = "<group>"; };
		947BA4411F2C27D000570F2F /* libsqlite3.0.tbd */ = {isa = PBXFileReference; lastKnownFileType = "sourcecode.text-based-dylib-definition"; name = libsqlite3.0.tbd; path = usr/lib/libsqlite3.0.tbd; sourceTree = SDKROOT; };
		94808D581F2A017300AF1F91 /* TaipeiPark.app */ = {isa = PBXFileReference; explicitFileType = wrapper.application; includeInIndex = 0; path = TaipeiPark.app; sourceTree = BUILT_PRODUCTS_DIR; };
		94808D5C1F2A017300AF1F91 /* main.m */ = {isa = PBXFileReference; lastKnownFileType = sourcecode.c.objc; path = main.m; sourceTree = "<group>"; };
		94808D5E1F2A017300AF1F91 /* AppDelegate.h */ = {isa = PBXFileReference; lastKnownFileType = sourcecode.c.h; path = AppDelegate.h; sourceTree = "<group>"; };
		94808D5F1F2A017300AF1F91 /* AppDelegate.m */ = {isa = PBXFileReference; lastKnownFileType = sourcecode.c.objc; path = AppDelegate.m; sourceTree = "<group>"; };
		94808D671F2A017300AF1F91 /* Assets.xcassets */ = {isa = PBXFileReference; lastKnownFileType = folder.assetcatalog; path = Assets.xcassets; sourceTree = "<group>"; };
		94808D6C1F2A017300AF1F91 /* Info.plist */ = {isa = PBXFileReference; lastKnownFileType = text.plist.xml; path = Info.plist; sourceTree = "<group>"; };
		94808D711F2A017400AF1F91 /* TaipeiParkTests.xctest */ = {isa = PBXFileReference; explicitFileType = wrapper.cfbundle; includeInIndex = 0; path = TaipeiParkTests.xctest; sourceTree = BUILT_PRODUCTS_DIR; };
		94808D751F2A017400AF1F91 /* TaipeiParkTests.m */ = {isa = PBXFileReference; lastKnownFileType = sourcecode.c.objc; path = TaipeiParkTests.m; sourceTree = "<group>"; };
		94808D771F2A017400AF1F91 /* Info.plist */ = {isa = PBXFileReference; lastKnownFileType = text.plist.xml; path = Info.plist; sourceTree = "<group>"; };
		94F59564208A546500A7FF1D /* UIViewController+BaseVC.h */ = {isa = PBXFileReference; fileEncoding = 4; lastKnownFileType = sourcecode.c.h; path = "UIViewController+BaseVC.h"; sourceTree = "<group>"; };
		94F59565208A546500A7FF1D /* UIViewController+BaseVC.m */ = {isa = PBXFileReference; fileEncoding = 4; lastKnownFileType = sourcecode.c.objc; path = "UIViewController+BaseVC.m"; sourceTree = "<group>"; };
		94F59568208A547100A7FF1D /* ParkService.m */ = {isa = PBXFileReference; fileEncoding = 4; lastKnownFileType = sourcecode.c.objc; path = ParkService.m; sourceTree = "<group>"; };
		94F59569208A547100A7FF1D /* ParkService.h */ = {isa = PBXFileReference; fileEncoding = 4; lastKnownFileType = sourcecode.c.h; path = ParkService.h; sourceTree = "<group>"; };
		9BED85B02C920465F2A9B942 /* libPods-TaipeiParkTests.a */ = {isa = PBXFileReference; explicitFileType = archive.ar; includeInIndex = 0; path = "libPods-TaipeiParkTests.a"; sourceTree = BUILT_PRODUCTS_DIR; };
		FE7680B838EF1CF4D2DCE76B /* libPods-TaipeiPark.a */ = {isa = PBXFileReference; explicitFileType = archive.ar; includeInIndex = 0; path = "libPods-TaipeiPark.a"; sourceTree = BUILT_PRODUCTS_DIR; };
/* End PBXFileReference section */

/* Begin PBXFrameworksBuildPhase section */
		94808D551F2A017300AF1F91 /* Frameworks */ = {
			isa = PBXFrameworksBuildPhase;
			buildActionMask = 2147483647;
			files = (
				947BA4421F2C27D000570F2F /* libsqlite3.0.tbd in Frameworks */,
				E4659A84D005DEAF189FE226 /* libPods-TaipeiPark.a in Frameworks */,
			);
			runOnlyForDeploymentPostprocessing = 0;
		};
		94808D6E1F2A017400AF1F91 /* Frameworks */ = {
			isa = PBXFrameworksBuildPhase;
			buildActionMask = 2147483647;
			files = (
				B47FFADB5269094359220D90 /* libPods-TaipeiParkTests.a in Frameworks */,
			);
			runOnlyForDeploymentPostprocessing = 0;
		};
/* End PBXFrameworksBuildPhase section */

/* Begin PBXGroup section */
		94285667208886E900342E68 /* Network */ = {
			isa = PBXGroup;
			children = (
				9428566A2088870300342E68 /* HttpConnection.h */,
				942856692088870200342E68 /* HttpConnection.m */,
				94F59567208A547100A7FF1D /* Services */,
			);
			path = Network;
			sourceTree = "<group>";
		};
		9428566E2088874D00342E68 /* ViewControllers */ = {
			isa = PBXGroup;
			children = (
				9428566F2088874D00342E68 /* AttractionsTableViewController.h */,
				942856722088874D00342E68 /* AttractionsTableViewController.m */,
				942856732088874D00342E68 /* LaunchViewController.h */,
				942856702088874D00342E68 /* LaunchViewController.m */,
				942856742088874D00342E68 /* DetailViewController.h */,
				942856712088874D00342E68 /* DetailViewController.m */,
			);
			path = ViewControllers;
			sourceTree = "<group>";
		};
		942856752088874D00342E68 /* Models */ = {
			isa = PBXGroup;
			children = (
				942856762088874D00342E68 /* Attraction.h */,
				942856772088874D00342E68 /* Attraction.m */,
			);
			path = Models;
			sourceTree = "<group>";
		};
		942856782088874D00342E68 /* Views */ = {
			isa = PBXGroup;
			children = (
				9428567C2088874D00342E68 /* LaunchScreen.storyboard */,
				9428567E2088874D00342E68 /* Main.storyboard */,
				9428567A2088874D00342E68 /* MyCell.xib */,
				9428567B2088874D00342E68 /* MyCell.h */,
				942856812088874D00342E68 /* MyCell.m */,
				942856802088874D00342E68 /* MyCollectionCell.h */,
				942856792088874D00342E68 /* MyCollectionCell.m */,
			);
			path = Views;
			sourceTree = "<group>";
		};
		942856822088874D00342E68 /* Manager */ = {
			isa = PBXGroup;
			children = (
				942856832088874D00342E68 /* AppInfoManager.h */,
				942856852088874D00342E68 /* AppInfoManager.m */,
				942856842088874D00342E68 /* UpdateManager.h */,
				942856862088874D00342E68 /* UpdateManager.m */,
			);
			path = Manager;
			sourceTree = "<group>";
		};
		94808D4F1F2A017300AF1F91 = {
			isa = PBXGroup;
			children = (
				94808D5A1F2A017300AF1F91 /* TaipeiPark */,
				94808D741F2A017400AF1F91 /* TaipeiParkTests */,
				94808D591F2A017300AF1F91 /* Products */,
				F9281D98907A59E3F007610D /* Pods */,
				D471CB73AA2214E12FCF86AC /* Frameworks */,
			);
			sourceTree = "<group>";
		};
		94808D591F2A017300AF1F91 /* Products */ = {
			isa = PBXGroup;
			children = (
				94808D581F2A017300AF1F91 /* TaipeiPark.app */,
				94808D711F2A017400AF1F91 /* TaipeiParkTests.xctest */,
			);
			name = Products;
			sourceTree = "<group>";
		};
		94808D5A1F2A017300AF1F91 /* TaipeiPark */ = {
			isa = PBXGroup;
			children = (
				94285667208886E900342E68 /* Network */,
				94F59563208A546500A7FF1D /* Category */,
				CECB76411F3C3CA70057E00C /* DataStore */,
				942856822088874D00342E68 /* Manager */,
				942856752088874D00342E68 /* Models */,
				9428566E2088874D00342E68 /* ViewControllers */,
				942856782088874D00342E68 /* Views */,
				94808D5E1F2A017300AF1F91 /* AppDelegate.h */,
				94808D5F1F2A017300AF1F91 /* AppDelegate.m */,
				94808D671F2A017300AF1F91 /* Assets.xcassets */,
				94808D6C1F2A017300AF1F91 /* Info.plist */,
				94808D5B1F2A017300AF1F91 /* Supporting Files */,
			);
			path = TaipeiPark;
			sourceTree = "<group>";
		};
		94808D5B1F2A017300AF1F91 /* Supporting Files */ = {
			isa = PBXGroup;
			children = (
				94808D5C1F2A017300AF1F91 /* main.m */,
			);
			name = "Supporting Files";
			sourceTree = "<group>";
		};
		94808D741F2A017400AF1F91 /* TaipeiParkTests */ = {
			isa = PBXGroup;
			children = (
				94808D751F2A017400AF1F91 /* TaipeiParkTests.m */,
				94808D771F2A017400AF1F91 /* Info.plist */,
			);
			path = TaipeiParkTests;
			sourceTree = "<group>";
		};
		94F59563208A546500A7FF1D /* Category */ = {
			isa = PBXGroup;
			children = (
				94F59564208A546500A7FF1D /* UIViewController+BaseVC.h */,
				94F59565208A546500A7FF1D /* UIViewController+BaseVC.m */,
			);
			path = Category;
			sourceTree = "<group>";
		};
		94F59567208A547100A7FF1D /* Services */ = {
			isa = PBXGroup;
			children = (
				94F59568208A547100A7FF1D /* ParkService.m */,
				94F59569208A547100A7FF1D /* ParkService.h */,
			);
			path = Services;
			sourceTree = "<group>";
		};
		CECB76411F3C3CA70057E00C /* DataStore */ = {
			isa = PBXGroup;
			children = (
				947BA43E1F2C272D00570F2F /* DBHelp.h */,
				947BA43F1F2C272D00570F2F /* DBHelp.m */,
			);
			name = DataStore;
			sourceTree = "<group>";
		};
		D471CB73AA2214E12FCF86AC /* Frameworks */ = {
			isa = PBXGroup;
			children = (
				947BA4411F2C27D000570F2F /* libsqlite3.0.tbd */,
				FE7680B838EF1CF4D2DCE76B /* libPods-TaipeiPark.a */,
				9BED85B02C920465F2A9B942 /* libPods-TaipeiParkTests.a */,
			);
			name = Frameworks;
			sourceTree = "<group>";
		};
		F9281D98907A59E3F007610D /* Pods */ = {
			isa = PBXGroup;
			children = (
				4D3EEC7FFBE67CDF6596133A /* Pods-TaipeiPark.debug.xcconfig */,
				6DA56B8D11ED93DEE5A552C1 /* Pods-TaipeiPark.release.xcconfig */,
				1B52AA5354924AC3DDC15DEB /* Pods-TaipeiParkTests.debug.xcconfig */,
				3D2FE807C2D79782F1BC10E5 /* Pods-TaipeiParkTests.release.xcconfig */,
			);
			name = Pods;
			sourceTree = "<group>";
		};
/* End PBXGroup section */

/* Begin PBXNativeTarget section */
		94808D571F2A017300AF1F91 /* TaipeiPark */ = {
			isa = PBXNativeTarget;
			buildConfigurationList = 94808D7A1F2A017400AF1F91 /* Build configuration list for PBXNativeTarget "TaipeiPark" */;
			buildPhases = (
				A5C0A34BF644930DE50DFC36 /* [CP] Check Pods Manifest.lock */,
				94808D541F2A017300AF1F91 /* Sources */,
				94808D551F2A017300AF1F91 /* Frameworks */,
				94808D561F2A017300AF1F91 /* Resources */,
				3DF1FB86AEA87AC0530BF3F7 /* [CP] Embed Pods Frameworks */,
				EE271BAED72606D71273AE1B /* [CP] Copy Pods Resources */,
			);
			buildRules = (
			);
			dependencies = (
			);
			name = TaipeiPark;
			productName = TaipeiPark;
			productReference = 94808D581F2A017300AF1F91 /* TaipeiPark.app */;
			productType = "com.apple.product-type.application";
		};
		94808D701F2A017400AF1F91 /* TaipeiParkTests */ = {
			isa = PBXNativeTarget;
			buildConfigurationList = 94808D7D1F2A017400AF1F91 /* Build configuration list for PBXNativeTarget "TaipeiParkTests" */;
			buildPhases = (
				5595381591956CBF71DEBB08 /* [CP] Check Pods Manifest.lock */,
				94808D6D1F2A017400AF1F91 /* Sources */,
				94808D6E1F2A017400AF1F91 /* Frameworks */,
				94808D6F1F2A017400AF1F91 /* Resources */,
				01E1F4408CD7F60DCE176007 /* [CP] Embed Pods Frameworks */,
				CDE72EF53946E8EF48E0D35A /* [CP] Copy Pods Resources */,
			);
			buildRules = (
			);
			dependencies = (
				94808D731F2A017400AF1F91 /* PBXTargetDependency */,
			);
			name = TaipeiParkTests;
			productName = TaipeiParkTests;
			productReference = 94808D711F2A017400AF1F91 /* TaipeiParkTests.xctest */;
			productType = "com.apple.product-type.bundle.unit-test";
		};
/* End PBXNativeTarget section */

/* Begin PBXProject section */
		94808D501F2A017300AF1F91 /* Project object */ = {
			isa = PBXProject;
			attributes = {
				LastUpgradeCheck = 0830;
				ORGANIZATIONNAME = "Nick Yang";
				TargetAttributes = {
					94808D571F2A017300AF1F91 = {
						CreatedOnToolsVersion = 8.3.3;
						DevelopmentTeam = KDFS53L46Q;
						ProvisioningStyle = Automatic;
					};
					94808D701F2A017400AF1F91 = {
						CreatedOnToolsVersion = 8.3.3;
						DevelopmentTeam = KDFS53L46Q;
						ProvisioningStyle = Automatic;
						TestTargetID = 94808D571F2A017300AF1F91;
					};
				};
			};
			buildConfigurationList = 94808D531F2A017300AF1F91 /* Build configuration list for PBXProject "TaipeiPark" */;
			compatibilityVersion = "Xcode 3.2";
			developmentRegion = English;
			hasScannedForEncodings = 0;
			knownRegions = (
				en,
				Base,
			);
			mainGroup = 94808D4F1F2A017300AF1F91;
			productRefGroup = 94808D591F2A017300AF1F91 /* Products */;
			projectDirPath = "";
			projectRoot = "";
			targets = (
				94808D571F2A017300AF1F91 /* TaipeiPark */,
				94808D701F2A017400AF1F91 /* TaipeiParkTests */,
			);
		};
/* End PBXProject section */

/* Begin PBXResourcesBuildPhase section */
		94808D561F2A017300AF1F91 /* Resources */ = {
			isa = PBXResourcesBuildPhase;
			buildActionMask = 2147483647;
			files = (
				9428568E2088874D00342E68 /* Main.storyboard in Resources */,
				94808D681F2A017300AF1F91 /* Assets.xcassets in Resources */,
				9428568D2088874D00342E68 /* LaunchScreen.storyboard in Resources */,
				9428568C2088874D00342E68 /* MyCell.xib in Resources */,
			);
			runOnlyForDeploymentPostprocessing = 0;
		};
		94808D6F1F2A017400AF1F91 /* Resources */ = {
			isa = PBXResourcesBuildPhase;
			buildActionMask = 2147483647;
			files = (
			);
			runOnlyForDeploymentPostprocessing = 0;
		};
/* End PBXResourcesBuildPhase section */

/* Begin PBXShellScriptBuildPhase section */
		01E1F4408CD7F60DCE176007 /* [CP] Embed Pods Frameworks */ = {
			isa = PBXShellScriptBuildPhase;
			buildActionMask = 2147483647;
			files = (
			);
			inputPaths = (
			);
			name = "[CP] Embed Pods Frameworks";
			outputPaths = (
			);
			runOnlyForDeploymentPostprocessing = 0;
			shellPath = /bin/sh;
			shellScript = "\"${SRCROOT}/Pods/Target Support Files/Pods-TaipeiParkTests/Pods-TaipeiParkTests-frameworks.sh\"\n";
			showEnvVarsInLog = 0;
		};
		3DF1FB86AEA87AC0530BF3F7 /* [CP] Embed Pods Frameworks */ = {
			isa = PBXShellScriptBuildPhase;
			buildActionMask = 2147483647;
			files = (
			);
			inputPaths = (
			);
			name = "[CP] Embed Pods Frameworks";
			outputPaths = (
			);
			runOnlyForDeploymentPostprocessing = 0;
			shellPath = /bin/sh;
			shellScript = "\"${SRCROOT}/Pods/Target Support Files/Pods-TaipeiPark/Pods-TaipeiPark-frameworks.sh\"\n";
			showEnvVarsInLog = 0;
		};
		5595381591956CBF71DEBB08 /* [CP] Check Pods Manifest.lock */ = {
			isa = PBXShellScriptBuildPhase;
			buildActionMask = 2147483647;
			files = (
			);
			inputPaths = (
				"${PODS_PODFILE_DIR_PATH}/Podfile.lock",
				"${PODS_ROOT}/Manifest.lock",
			);
			name = "[CP] Check Pods Manifest.lock";
			outputPaths = (
				"$(DERIVED_FILE_DIR)/Pods-TaipeiParkTests-checkManifestLockResult.txt",
			);
			runOnlyForDeploymentPostprocessing = 0;
			shellPath = /bin/sh;
			shellScript = "diff \"${PODS_PODFILE_DIR_PATH}/Podfile.lock\" \"${PODS_ROOT}/Manifest.lock\" > /dev/null\nif [ $? != 0 ] ; then\n    # print error to STDERR\n    echo \"error: The sandbox is not in sync with the Podfile.lock. Run 'pod install' or update your CocoaPods installation.\" >&2\n    exit 1\nfi\n# This output is used by Xcode 'outputs' to avoid re-running this script phase.\necho \"SUCCESS\" > \"${SCRIPT_OUTPUT_FILE_0}\"\n";
			showEnvVarsInLog = 0;
		};
		A5C0A34BF644930DE50DFC36 /* [CP] Check Pods Manifest.lock */ = {
			isa = PBXShellScriptBuildPhase;
			buildActionMask = 2147483647;
			files = (
			);
			inputPaths = (
				"${PODS_PODFILE_DIR_PATH}/Podfile.lock",
				"${PODS_ROOT}/Manifest.lock",
			);
			name = "[CP] Check Pods Manifest.lock";
			outputPaths = (
				"$(DERIVED_FILE_DIR)/Pods-TaipeiPark-checkManifestLockResult.txt",
			);
			runOnlyForDeploymentPostprocessing = 0;
			shellPath = /bin/sh;
			shellScript = "diff \"${PODS_PODFILE_DIR_PATH}/Podfile.lock\" \"${PODS_ROOT}/Manifest.lock\" > /dev/null\nif [ $? != 0 ] ; then\n    # print error to STDERR\n    echo \"error: The sandbox is not in sync with the Podfile.lock. Run 'pod install' or update your CocoaPods installation.\" >&2\n    exit 1\nfi\n# This output is used by Xcode 'outputs' to avoid re-running this script phase.\necho \"SUCCESS\" > \"${SCRIPT_OUTPUT_FILE_0}\"\n";
			showEnvVarsInLog = 0;
		};
		CDE72EF53946E8EF48E0D35A /* [CP] Copy Pods Resources */ = {
			isa = PBXShellScriptBuildPhase;
			buildActionMask = 2147483647;
			files = (
			);
			inputPaths = (
			);
			name = "[CP] Copy Pods Resources";
			outputPaths = (
			);
			runOnlyForDeploymentPostprocessing = 0;
			shellPath = /bin/sh;
			shellScript = "\"${SRCROOT}/Pods/Target Support Files/Pods-TaipeiParkTests/Pods-TaipeiParkTests-resources.sh\"\n";
			showEnvVarsInLog = 0;
		};
		EE271BAED72606D71273AE1B /* [CP] Copy Pods Resources */ = {
			isa = PBXShellScriptBuildPhase;
			buildActionMask = 2147483647;
			files = (
			);
			inputPaths = (
			);
			name = "[CP] Copy Pods Resources";
			outputPaths = (
			);
			runOnlyForDeploymentPostprocessing = 0;
			shellPath = /bin/sh;
			shellScript = "\"${SRCROOT}/Pods/Target Support Files/Pods-TaipeiPark/Pods-TaipeiPark-resources.sh\"\n";
			showEnvVarsInLog = 0;
		};
/* End PBXShellScriptBuildPhase section */

/* Begin PBXSourcesBuildPhase section */
		94808D541F2A017300AF1F91 /* Sources */ = {
			isa = PBXSourcesBuildPhase;
			buildActionMask = 2147483647;
			files = (
				9428568A2088874D00342E68 /* Attraction.m in Sources */,
				9428568B2088874D00342E68 /* MyCollectionCell.m in Sources */,
				947BA4401F2C272D00570F2F /* DBHelp.m in Sources */,
				9428568F2088874D00342E68 /* MyCell.m in Sources */,
				942856872088874D00342E68 /* LaunchViewController.m in Sources */,
				9428566D2088870300342E68 /* HttpConnection.m in Sources */,
				94808D601F2A017300AF1F91 /* AppDelegate.m in Sources */,
				94F59566208A546500A7FF1D /* UIViewController+BaseVC.m in Sources */,
				94F5956A208A547100A7FF1D /* ParkService.m in Sources */,
				94808D5D1F2A017300AF1F91 /* main.m in Sources */,
				942856892088874D00342E68 /* AttractionsTableViewController.m in Sources */,
				942856912088874D00342E68 /* UpdateManager.m in Sources */,
				942856882088874D00342E68 /* DetailViewController.m in Sources */,
				942856902088874D00342E68 /* AppInfoManager.m in Sources */,
			);
			runOnlyForDeploymentPostprocessing = 0;
		};
		94808D6D1F2A017400AF1F91 /* Sources */ = {
			isa = PBXSourcesBuildPhase;
			buildActionMask = 2147483647;
			files = (
				94808D761F2A017400AF1F91 /* TaipeiParkTests.m in Sources */,
			);
			runOnlyForDeploymentPostprocessing = 0;
		};
/* End PBXSourcesBuildPhase section */

/* Begin PBXTargetDependency section */
		94808D731F2A017400AF1F91 /* PBXTargetDependency */ = {
			isa = PBXTargetDependency;
			target = 94808D571F2A017300AF1F91 /* TaipeiPark */;
			targetProxy = 94808D721F2A017400AF1F91 /* PBXContainerItemProxy */;
		};
/* End PBXTargetDependency section */

/* Begin PBXVariantGroup section */
		9428567C2088874D00342E68 /* LaunchScreen.storyboard */ = {
			isa = PBXVariantGroup;
			children = (
				9428567D2088874D00342E68 /* Base */,
			);
			name = LaunchScreen.storyboard;
			sourceTree = "<group>";
		};
		9428567E2088874D00342E68 /* Main.storyboard */ = {
			isa = PBXVariantGroup;
			children = (
				9428567F2088874D00342E68 /* Base */,
			);
			name = Main.storyboard;
			sourceTree = "<group>";
		};
/* End PBXVariantGroup section */

/* Begin XCBuildConfiguration section */
		94808D781F2A017400AF1F91 /* Debug */ = {
			isa = XCBuildConfiguration;
			buildSettings = {
				ALWAYS_SEARCH_USER_PATHS = NO;
				CLANG_ANALYZER_NONNULL = YES;
				CLANG_ANALYZER_NUMBER_OBJECT_CONVERSION = YES_AGGRESSIVE;
				CLANG_CXX_LANGUAGE_STANDARD = "gnu++0x";
				CLANG_CXX_LIBRARY = "libc++";
				CLANG_ENABLE_MODULES = YES;
				CLANG_ENABLE_OBJC_ARC = YES;
				CLANG_WARN_BOOL_CONVERSION = YES;
				CLANG_WARN_CONSTANT_CONVERSION = YES;
				CLANG_WARN_DIRECT_OBJC_ISA_USAGE = YES_ERROR;
				CLANG_WARN_DOCUMENTATION_COMMENTS = YES;
				CLANG_WARN_EMPTY_BODY = YES;
				CLANG_WARN_ENUM_CONVERSION = YES;
				CLANG_WARN_INFINITE_RECURSION = YES;
				CLANG_WARN_INT_CONVERSION = YES;
				CLANG_WARN_OBJC_ROOT_CLASS = YES_ERROR;
				CLANG_WARN_SUSPICIOUS_MOVE = YES;
				CLANG_WARN_UNREACHABLE_CODE = YES;
				CLANG_WARN__DUPLICATE_METHOD_MATCH = YES;
				"CODE_SIGN_IDENTITY[sdk=iphoneos*]" = "iPhone Developer";
				COPY_PHASE_STRIP = NO;
				DEBUG_INFORMATION_FORMAT = dwarf;
				ENABLE_STRICT_OBJC_MSGSEND = YES;
				ENABLE_TESTABILITY = YES;
				GCC_C_LANGUAGE_STANDARD = gnu99;
				GCC_DYNAMIC_NO_PIC = NO;
				GCC_NO_COMMON_BLOCKS = YES;
				GCC_OPTIMIZATION_LEVEL = 0;
				GCC_PREPROCESSOR_DEFINITIONS = (
					"DEBUG=1",
					"$(inherited)",
				);
				GCC_WARN_64_TO_32_BIT_CONVERSION = YES;
				GCC_WARN_ABOUT_RETURN_TYPE = YES_ERROR;
				GCC_WARN_UNDECLARED_SELECTOR = YES;
				GCC_WARN_UNINITIALIZED_AUTOS = YES_AGGRESSIVE;
				GCC_WARN_UNUSED_FUNCTION = YES;
				GCC_WARN_UNUSED_VARIABLE = YES;
				IPHONEOS_DEPLOYMENT_TARGET = 10.3;
				MTL_ENABLE_DEBUG_INFO = YES;
				ONLY_ACTIVE_ARCH = YES;
				SDKROOT = iphoneos;
				TARGETED_DEVICE_FAMILY = "1,2";
			};
			name = Debug;
		};
		94808D791F2A017400AF1F91 /* Release */ = {
			isa = XCBuildConfiguration;
			buildSettings = {
				ALWAYS_SEARCH_USER_PATHS = NO;
				CLANG_ANALYZER_NONNULL = YES;
				CLANG_ANALYZER_NUMBER_OBJECT_CONVERSION = YES_AGGRESSIVE;
				CLANG_CXX_LANGUAGE_STANDARD = "gnu++0x";
				CLANG_CXX_LIBRARY = "libc++";
				CLANG_ENABLE_MODULES = YES;
				CLANG_ENABLE_OBJC_ARC = YES;
				CLANG_WARN_BOOL_CONVERSION = YES;
				CLANG_WARN_CONSTANT_CONVERSION = YES;
				CLANG_WARN_DIRECT_OBJC_ISA_USAGE = YES_ERROR;
				CLANG_WARN_DOCUMENTATION_COMMENTS = YES;
				CLANG_WARN_EMPTY_BODY = YES;
				CLANG_WARN_ENUM_CONVERSION = YES;
				CLANG_WARN_INFINITE_RECURSION = YES;
				CLANG_WARN_INT_CONVERSION = YES;
				CLANG_WARN_OBJC_ROOT_CLASS = YES_ERROR;
				CLANG_WARN_SUSPICIOUS_MOVE = YES;
				CLANG_WARN_UNREACHABLE_CODE = YES;
				CLANG_WARN__DUPLICATE_METHOD_MATCH = YES;
				"CODE_SIGN_IDENTITY[sdk=iphoneos*]" = "iPhone Developer";
				COPY_PHASE_STRIP = NO;
				DEBUG_INFORMATION_FORMAT = "dwarf-with-dsym";
				ENABLE_NS_ASSERTIONS = NO;
				ENABLE_STRICT_OBJC_MSGSEND = YES;
				GCC_C_LANGUAGE_STANDARD = gnu99;
				GCC_NO_COMMON_BLOCKS = YES;
				GCC_WARN_64_TO_32_BIT_CONVERSION = YES;
				GCC_WARN_ABOUT_RETURN_TYPE = YES_ERROR;
				GCC_WARN_UNDECLARED_SELECTOR = YES;
				GCC_WARN_UNINITIALIZED_AUTOS = YES_AGGRESSIVE;
				GCC_WARN_UNUSED_FUNCTION = YES;
				GCC_WARN_UNUSED_VARIABLE = YES;
				IPHONEOS_DEPLOYMENT_TARGET = 10.3;
				MTL_ENABLE_DEBUG_INFO = NO;
				SDKROOT = iphoneos;
				TARGETED_DEVICE_FAMILY = "1,2";
				VALIDATE_PRODUCT = YES;
			};
			name = Release;
		};
		94808D7B1F2A017400AF1F91 /* Debug */ = {
			isa = XCBuildConfiguration;
			baseConfigurationReference = 4D3EEC7FFBE67CDF6596133A /* Pods-TaipeiPark.debug.xcconfig */;
			buildSettings = {
				ASSETCATALOG_COMPILER_APPICON_NAME = AppIcon;
				DEVELOPMENT_TEAM = KDFS53L46Q;
				INFOPLIST_FILE = TaipeiPark/Info.plist;
				IPHONEOS_DEPLOYMENT_TARGET = 9.0;
				LD_RUNPATH_SEARCH_PATHS = "$(inherited) @executable_path/Frameworks";
				PRODUCT_BUNDLE_IDENTIFIER = com.nick10811.TaipeiPark;
				PRODUCT_NAME = "$(TARGET_NAME)";
			};
			name = Debug;
		};
		94808D7C1F2A017400AF1F91 /* Release */ = {
			isa = XCBuildConfiguration;
			baseConfigurationReference = 6DA56B8D11ED93DEE5A552C1 /* Pods-TaipeiPark.release.xcconfig */;
			buildSettings = {
				ASSETCATALOG_COMPILER_APPICON_NAME = AppIcon;
				DEVELOPMENT_TEAM = KDFS53L46Q;
				INFOPLIST_FILE = TaipeiPark/Info.plist;
				IPHONEOS_DEPLOYMENT_TARGET = 9.0;
				LD_RUNPATH_SEARCH_PATHS = "$(inherited) @executable_path/Frameworks";
				PRODUCT_BUNDLE_IDENTIFIER = com.nick10811.TaipeiPark;
				PRODUCT_NAME = "$(TARGET_NAME)";
			};
			name = Release;
		};
		94808D7E1F2A017400AF1F91 /* Debug */ = {
			isa = XCBuildConfiguration;
			baseConfigurationReference = 1B52AA5354924AC3DDC15DEB /* Pods-TaipeiParkTests.debug.xcconfig */;
			buildSettings = {
				BUNDLE_LOADER = "$(TEST_HOST)";
				DEVELOPMENT_TEAM = KDFS53L46Q;
				INFOPLIST_FILE = TaipeiParkTests/Info.plist;
				LD_RUNPATH_SEARCH_PATHS = "$(inherited) @executable_path/Frameworks @loader_path/Frameworks";
				PRODUCT_BUNDLE_IDENTIFIER = com.nick10811.TaipeiParkTests;
				PRODUCT_NAME = "$(TARGET_NAME)";
				TEST_HOST = "$(BUILT_PRODUCTS_DIR)/TaipeiPark.app/TaipeiPark";
			};
			name = Debug;
		};
		94808D7F1F2A017400AF1F91 /* Release */ = {
			isa = XCBuildConfiguration;
			baseConfigurationReference = 3D2FE807C2D79782F1BC10E5 /* Pods-TaipeiParkTests.release.xcconfig */;
			buildSettings = {
				BUNDLE_LOADER = "$(TEST_HOST)";
				DEVELOPMENT_TEAM = KDFS53L46Q;
				INFOPLIST_FILE = TaipeiParkTests/Info.plist;
				LD_RUNPATH_SEARCH_PATHS = "$(inherited) @executable_path/Frameworks @loader_path/Frameworks";
				PRODUCT_BUNDLE_IDENTIFIER = com.nick10811.TaipeiParkTests;
				PRODUCT_NAME = "$(TARGET_NAME)";
				TEST_HOST = "$(BUILT_PRODUCTS_DIR)/TaipeiPark.app/TaipeiPark";
			};
			name = Release;
		};
/* End XCBuildConfiguration section */

/* Begin XCConfigurationList section */
		94808D531F2A017300AF1F91 /* Build configuration list for PBXProject "TaipeiPark" */ = {
			isa = XCConfigurationList;
			buildConfigurations = (
				94808D781F2A017400AF1F91 /* Debug */,
				94808D791F2A017400AF1F91 /* Release */,
			);
			defaultConfigurationIsVisible = 0;
			defaultConfigurationName = Release;
		};
		94808D7A1F2A017400AF1F91 /* Build configuration list for PBXNativeTarget "TaipeiPark" */ = {
			isa = XCConfigurationList;
			buildConfigurations = (
				94808D7B1F2A017400AF1F91 /* Debug */,
				94808D7C1F2A017400AF1F91 /* Release */,
			);
			defaultConfigurationIsVisible = 0;
			defaultConfigurationName = Release;
		};
		94808D7D1F2A017400AF1F91 /* Build configuration list for PBXNativeTarget "TaipeiParkTests" */ = {
			isa = XCConfigurationList;
			buildConfigurations = (
				94808D7E1F2A017400AF1F91 /* Debug */,
				94808D7F1F2A017400AF1F91 /* Release */,
			);
			defaultConfigurationIsVisible = 0;
			defaultConfigurationName = Release;
		};
/* End XCConfigurationList section */
	};
	rootObject = 94808D501F2A017300AF1F91 /* Project object */;
}
